// !$*UTF8*$!
{
	archiveVersion = 1;
	classes = {
	};
	objectVersion = 50;
	objects = {

/* Begin PBXBuildFile section */
		3D6D6F3E2166A7C1002D0D34 /* Restaurant.swift in Sources */ = {isa = PBXBuildFile; fileRef = 3D6D6F3D2166A7C1002D0D34 /* Restaurant.swift */; };
		3D7A31AE2138D6E300095CB9 /* AppDelegate.swift in Sources */ = {isa = PBXBuildFile; fileRef = 3D7A31AD2138D6E300095CB9 /* AppDelegate.swift */; };
		3D7A31B32138D6E300095CB9 /* Main.storyboard in Resources */ = {isa = PBXBuildFile; fileRef = 3D7A31B12138D6E300095CB9 /* Main.storyboard */; };
		3D7A31B52138D6E500095CB9 /* Assets.xcassets in Resources */ = {isa = PBXBuildFile; fileRef = 3D7A31B42138D6E500095CB9 /* Assets.xcassets */; };
		3D7A31B82138D6E500095CB9 /* LaunchScreen.storyboard in Resources */ = {isa = PBXBuildFile; fileRef = 3D7A31B62138D6E500095CB9 /* LaunchScreen.storyboard */; };
		3D7A31C72138D90200095CB9 /* ScannerVC.swift in Sources */ = {isa = PBXBuildFile; fileRef = 3D7A31C62138D90200095CB9 /* ScannerVC.swift */; };
		3D7A31F0213E014400095CB9 /* InfoVC.swift in Sources */ = {isa = PBXBuildFile; fileRef = 3D7A31EF213E014400095CB9 /* InfoVC.swift */; };
		3DA0546621612EFE003C315C /* NewHomeVC.swift in Sources */ = {isa = PBXBuildFile; fileRef = 3DA0546521612EFE003C315C /* NewHomeVC.swift */; };
		3DEE361321CDE90A00F5F156 /* DataModel.xcdatamodeld in Sources */ = {isa = PBXBuildFile; fileRef = 3DEE361121CDE90A00F5F156 /* DataModel.xcdatamodeld */; };
		8D07A013E691B3823B892970 /* Pods_QR_Scanner.framework in Frameworks */ = {isa = PBXBuildFile; fileRef = FA9E5B15F0E9DFCBD1158C43 /* Pods_QR_Scanner.framework */; };
/* End PBXBuildFile section */

/* Begin PBXFileReference section */
		3D6D6F3D2166A7C1002D0D34 /* Restaurant.swift */ = {isa = PBXFileReference; lastKnownFileType = sourcecode.swift; path = Restaurant.swift; sourceTree = "<group>"; };
		3D7A31AA2138D6E300095CB9 /* QR-Scanner.app */ = {isa = PBXFileReference; explicitFileType = wrapper.application; includeInIndex = 0; path = "QR-Scanner.app"; sourceTree = BUILT_PRODUCTS_DIR; };
		3D7A31AD2138D6E300095CB9 /* AppDelegate.swift */ = {isa = PBXFileReference; lastKnownFileType = sourcecode.swift; path = AppDelegate.swift; sourceTree = "<group>"; };
		3D7A31B22138D6E300095CB9 /* Base */ = {isa = PBXFileReference; lastKnownFileType = file.storyboard; name = Base; path = Base.lproj/Main.storyboard; sourceTree = "<group>"; };
		3D7A31B42138D6E500095CB9 /* Assets.xcassets */ = {isa = PBXFileReference; lastKnownFileType = folder.assetcatalog; path = Assets.xcassets; sourceTree = "<group>"; };
		3D7A31B72138D6E500095CB9 /* Base */ = {isa = PBXFileReference; lastKnownFileType = file.storyboard; name = Base; path = Base.lproj/LaunchScreen.storyboard; sourceTree = "<group>"; };
		3D7A31B92138D6E500095CB9 /* Info.plist */ = {isa = PBXFileReference; lastKnownFileType = text.plist.xml; path = Info.plist; sourceTree = "<group>"; };
		3D7A31C62138D90200095CB9 /* ScannerVC.swift */ = {isa = PBXFileReference; lastKnownFileType = sourcecode.swift; path = ScannerVC.swift; sourceTree = "<group>"; };
		3D7A31EF213E014400095CB9 /* InfoVC.swift */ = {isa = PBXFileReference; lastKnownFileType = sourcecode.swift; path = InfoVC.swift; sourceTree = "<group>"; };
		3DA0546521612EFE003C315C /* NewHomeVC.swift */ = {isa = PBXFileReference; lastKnownFileType = sourcecode.swift; path = NewHomeVC.swift; sourceTree = "<group>"; };
		3DEE361221CDE90A00F5F156 /* DataModel.xcdatamodel */ = {isa = PBXFileReference; lastKnownFileType = wrapper.xcdatamodel; path = DataModel.xcdatamodel; sourceTree = "<group>"; };
		45C9AE2A91EAE2D207FB0102 /* Pods-QR-Scanner.debug.xcconfig */ = {isa = PBXFileReference; includeInIndex = 1; lastKnownFileType = text.xcconfig; name = "Pods-QR-Scanner.debug.xcconfig"; path = "Pods/Target Support Files/Pods-QR-Scanner/Pods-QR-Scanner.debug.xcconfig"; sourceTree = "<group>"; };
		DCC19CCDCA1872B9162ACC57 /* Pods-QR-Scanner.release.xcconfig */ = {isa = PBXFileReference; includeInIndex = 1; lastKnownFileType = text.xcconfig; name = "Pods-QR-Scanner.release.xcconfig"; path = "Pods/Target Support Files/Pods-QR-Scanner/Pods-QR-Scanner.release.xcconfig"; sourceTree = "<group>"; };
		FA9E5B15F0E9DFCBD1158C43 /* Pods_QR_Scanner.framework */ = {isa = PBXFileReference; explicitFileType = wrapper.framework; includeInIndex = 0; path = Pods_QR_Scanner.framework; sourceTree = BUILT_PRODUCTS_DIR; };
/* End PBXFileReference section */

/* Begin PBXFrameworksBuildPhase section */
		3D7A31A72138D6E300095CB9 /* Frameworks */ = {
			isa = PBXFrameworksBuildPhase;
			buildActionMask = 2147483647;
			files = (
				8D07A013E691B3823B892970 /* Pods_QR_Scanner.framework in Frameworks */,
			);
			runOnlyForDeploymentPostprocessing = 0;
		};
/* End PBXFrameworksBuildPhase section */

/* Begin PBXGroup section */
		092C953B5F7ECBE08D601DA8 /* Frameworks */ = {
			isa = PBXGroup;
			children = (
				FA9E5B15F0E9DFCBD1158C43 /* Pods_QR_Scanner.framework */,
			);
			name = Frameworks;
			sourceTree = "<group>";
		};
		3D7A31A12138D6E200095CB9 = {
			isa = PBXGroup;
			children = (
				3D7A31AC2138D6E300095CB9 /* QR-Scanner */,
				3D7A31AB2138D6E300095CB9 /* Products */,
				BD1650B1F4CBB1975BE86EF7 /* Pods */,
				092C953B5F7ECBE08D601DA8 /* Frameworks */,
			);
			sourceTree = "<group>";
		};
		3D7A31AB2138D6E300095CB9 /* Products */ = {
			isa = PBXGroup;
			children = (
				3D7A31AA2138D6E300095CB9 /* QR-Scanner.app */,
			);
			name = Products;
			sourceTree = "<group>";
		};
		3D7A31AC2138D6E300095CB9 /* QR-Scanner */ = {
			isa = PBXGroup;
			children = (
				3D7A31C12138D70D00095CB9 /* Model */,
				3D7A31C02138D70700095CB9 /* View */,
				3D7A31BF2138D70100095CB9 /* Controller */,
				3D7A31AD2138D6E300095CB9 /* AppDelegate.swift */,
				3D7A31B42138D6E500095CB9 /* Assets.xcassets */,
				3D7A31B62138D6E500095CB9 /* LaunchScreen.storyboard */,
				3D7A31B92138D6E500095CB9 /* Info.plist */,
			);
			path = "QR-Scanner";
			sourceTree = "<group>";
		};
		3D7A31BF2138D70100095CB9 /* Controller */ = {
			isa = PBXGroup;
			children = (
				3DA0546521612EFE003C315C /* NewHomeVC.swift */,
				3D7A31C62138D90200095CB9 /* ScannerVC.swift */,
				3D7A31EF213E014400095CB9 /* InfoVC.swift */,
			);
			path = Controller;
			sourceTree = "<group>";
		};
		3D7A31C02138D70700095CB9 /* View */ = {
			isa = PBXGroup;
			children = (
				3D7A31B12138D6E300095CB9 /* Main.storyboard */,
			);
			path = View;
			sourceTree = "<group>";
		};
		3D7A31C12138D70D00095CB9 /* Model */ = {
			isa = PBXGroup;
			children = (
				3D6D6F3D2166A7C1002D0D34 /* Restaurant.swift */,
				3DEE361121CDE90A00F5F156 /* DataModel.xcdatamodeld */,
			);
			path = Model;
			sourceTree = "<group>";
		};
		BD1650B1F4CBB1975BE86EF7 /* Pods */ = {
			isa = PBXGroup;
			children = (
				45C9AE2A91EAE2D207FB0102 /* Pods-QR-Scanner.debug.xcconfig */,
				DCC19CCDCA1872B9162ACC57 /* Pods-QR-Scanner.release.xcconfig */,
			);
			name = Pods;
			sourceTree = "<group>";
		};
/* End PBXGroup section */

/* Begin PBXNativeTarget section */
		3D7A31A92138D6E300095CB9 /* QR-Scanner */ = {
			isa = PBXNativeTarget;
			buildConfigurationList = 3D7A31BC2138D6E500095CB9 /* Build configuration list for PBXNativeTarget "QR-Scanner" */;
			buildPhases = (
				2FD262493C288EED65929004 /* [CP] Check Pods Manifest.lock */,
				3D7A31A62138D6E300095CB9 /* Sources */,
				3D7A31A72138D6E300095CB9 /* Frameworks */,
				3D7A31A82138D6E300095CB9 /* Resources */,
				234547BD16610340C0C19A9D /* [CP] Embed Pods Frameworks */,
			);
			buildRules = (
			);
			dependencies = (
			);
			name = "QR-Scanner";
			productName = "QR-Scanner";
			productReference = 3D7A31AA2138D6E300095CB9 /* QR-Scanner.app */;
			productType = "com.apple.product-type.application";
		};
/* End PBXNativeTarget section */

/* Begin PBXProject section */
		3D7A31A22138D6E200095CB9 /* Project object */ = {
			isa = PBXProject;
			attributes = {
				LastSwiftUpdateCheck = 0940;
				LastUpgradeCheck = 0940;
				ORGANIZATIONNAME = "Skye Brown";
				TargetAttributes = {
					3D7A31A92138D6E300095CB9 = {
						CreatedOnToolsVersion = 9.4.1;
						LastSwiftMigration = 1000;
					};
				};
			};
			buildConfigurationList = 3D7A31A52138D6E200095CB9 /* Build configuration list for PBXProject "QR-Scanner" */;
			compatibilityVersion = "Xcode 9.3";
			developmentRegion = en;
			hasScannedForEncodings = 0;
			knownRegions = (
				en,
				Base,
			);
			mainGroup = 3D7A31A12138D6E200095CB9;
			productRefGroup = 3D7A31AB2138D6E300095CB9 /* Products */;
			projectDirPath = "";
			projectRoot = "";
			targets = (
				3D7A31A92138D6E300095CB9 /* QR-Scanner */,
			);
		};
/* End PBXProject section */

/* Begin PBXResourcesBuildPhase section */
		3D7A31A82138D6E300095CB9 /* Resources */ = {
			isa = PBXResourcesBuildPhase;
			buildActionMask = 2147483647;
			files = (
				3D7A31B82138D6E500095CB9 /* LaunchScreen.storyboard in Resources */,
				3D7A31B52138D6E500095CB9 /* Assets.xcassets in Resources */,
				3D7A31B32138D6E300095CB9 /* Main.storyboard in Resources */,
			);
			runOnlyForDeploymentPostprocessing = 0;
		};
/* End PBXResourcesBuildPhase section */

/* Begin PBXShellScriptBuildPhase section */
		234547BD16610340C0C19A9D /* [CP] Embed Pods Frameworks */ = {
			isa = PBXShellScriptBuildPhase;
			buildActionMask = 2147483647;
			files = (
			);
			inputPaths = (
				"${SRCROOT}/Pods/Target Support Files/Pods-QR-Scanner/Pods-QR-Scanner-frameworks.sh",
				"${BUILT_PRODUCTS_DIR}/Alamofire/Alamofire.framework",
				"${BUILT_PRODUCTS_DIR}/DeckTransition/DeckTransition.framework",
				"${BUILT_PRODUCTS_DIR}/SAConfettiView/SAConfettiView.framework",
				"${BUILT_PRODUCTS_DIR}/SwiftyJSON/SwiftyJSON.framework",
			);
			name = "[CP] Embed Pods Frameworks";
			outputPaths = (
				"${TARGET_BUILD_DIR}/${FRAMEWORKS_FOLDER_PATH}/Alamofire.framework",
				"${TARGET_BUILD_DIR}/${FRAMEWORKS_FOLDER_PATH}/DeckTransition.framework",
				"${TARGET_BUILD_DIR}/${FRAMEWORKS_FOLDER_PATH}/SAConfettiView.framework",
				"${TARGET_BUILD_DIR}/${FRAMEWORKS_FOLDER_PATH}/SwiftyJSON.framework",
			);
			runOnlyForDeploymentPostprocessing = 0;
			shellPath = /bin/sh;
			shellScript = "\"${SRCROOT}/Pods/Target Support Files/Pods-QR-Scanner/Pods-QR-Scanner-frameworks.sh\"\n";
			showEnvVarsInLog = 0;
		};
		2FD262493C288EED65929004 /* [CP] Check Pods Manifest.lock */ = {
			isa = PBXShellScriptBuildPhase;
			buildActionMask = 2147483647;
			files = (
			);
			inputPaths = (
				"${PODS_PODFILE_DIR_PATH}/Podfile.lock",
				"${PODS_ROOT}/Manifest.lock",
			);
			name = "[CP] Check Pods Manifest.lock";
			outputPaths = (
				"$(DERIVED_FILE_DIR)/Pods-QR-Scanner-checkManifestLockResult.txt",
			);
			runOnlyForDeploymentPostprocessing = 0;
			shellPath = /bin/sh;
			shellScript = "diff \"${PODS_PODFILE_DIR_PATH}/Podfile.lock\" \"${PODS_ROOT}/Manifest.lock\" > /dev/null\nif [ $? != 0 ] ; then\n    # print error to STDERR\n    echo \"error: The sandbox is not in sync with the Podfile.lock. Run 'pod install' or update your CocoaPods installation.\" >&2\n    exit 1\nfi\n# This output is used by Xcode 'outputs' to avoid re-running this script phase.\necho \"SUCCESS\" > \"${SCRIPT_OUTPUT_FILE_0}\"\n";
			showEnvVarsInLog = 0;
		};
/* End PBXShellScriptBuildPhase section */

/* Begin PBXSourcesBuildPhase section */
		3D7A31A62138D6E300095CB9 /* Sources */ = {
			isa = PBXSourcesBuildPhase;
			buildActionMask = 2147483647;
			files = (
				3D7A31AE2138D6E300095CB9 /* AppDelegate.swift in Sources */,
				3DA0546621612EFE003C315C /* NewHomeVC.swift in Sources */,
				3D6D6F3E2166A7C1002D0D34 /* Restaurant.swift in Sources */,
				3DEE361321CDE90A00F5F156 /* DataModel.xcdatamodeld in Sources */,
				3D7A31C72138D90200095CB9 /* ScannerVC.swift in Sources */,
				3D7A31F0213E014400095CB9 /* InfoVC.swift in Sources */,
			);
			runOnlyForDeploymentPostprocessing = 0;
		};
/* End PBXSourcesBuildPhase section */

/* Begin PBXVariantGroup section */
		3D7A31B12138D6E300095CB9 /* Main.storyboard */ = {
			isa = PBXVariantGroup;
			children = (
				3D7A31B22138D6E300095CB9 /* Base */,
			);
			name = Main.storyboard;
			sourceTree = "<group>";
		};
		3D7A31B62138D6E500095CB9 /* LaunchScreen.storyboard */ = {
			isa = PBXVariantGroup;
			children = (
				3D7A31B72138D6E500095CB9 /* Base */,
			);
			name = LaunchScreen.storyboard;
			sourceTree = "<group>";
		};
/* End PBXVariantGroup section */

/* Begin XCBuildConfiguration section */
		3D7A31BA2138D6E500095CB9 /* Debug */ = {
			isa = XCBuildConfiguration;
			buildSettings = {
				ALWAYS_SEARCH_USER_PATHS = NO;
				CLANG_ANALYZER_NONNULL = YES;
				CLANG_ANALYZER_NUMBER_OBJECT_CONVERSION = YES_AGGRESSIVE;
				CLANG_CXX_LANGUAGE_STANDARD = "gnu++14";
				CLANG_CXX_LIBRARY = "libc++";
				CLANG_ENABLE_MODULES = YES;
				CLANG_ENABLE_OBJC_ARC = YES;
				CLANG_ENABLE_OBJC_WEAK = YES;
				CLANG_WARN_BLOCK_CAPTURE_AUTORELEASING = YES;
				CLANG_WARN_BOOL_CONVERSION = YES;
				CLANG_WARN_COMMA = YES;
				CLANG_WARN_CONSTANT_CONVERSION = YES;
				CLANG_WARN_DEPRECATED_OBJC_IMPLEMENTATIONS = YES;
				CLANG_WARN_DIRECT_OBJC_ISA_USAGE = YES_ERROR;
				CLANG_WARN_DOCUMENTATION_COMMENTS = YES;
				CLANG_WARN_EMPTY_BODY = YES;
				CLANG_WARN_ENUM_CONVERSION = YES;
				CLANG_WARN_INFINITE_RECURSION = YES;
				CLANG_WARN_INT_CONVERSION = YES;
				CLANG_WARN_NON_LITERAL_NULL_CONVERSION = YES;
				CLANG_WARN_OBJC_IMPLICIT_RETAIN_SELF = YES;
				CLANG_WARN_OBJC_LITERAL_CONVERSION = YES;
				CLANG_WARN_OBJC_ROOT_CLASS = YES_ERROR;
				CLANG_WARN_RANGE_LOOP_ANALYSIS = YES;
				CLANG_WARN_STRICT_PROTOTYPES = YES;
				CLANG_WARN_SUSPICIOUS_MOVE = YES;
				CLANG_WARN_UNGUARDED_AVAILABILITY = YES_AGGRESSIVE;
				CLANG_WARN_UNREACHABLE_CODE = YES;
				CLANG_WARN__DUPLICATE_METHOD_MATCH = YES;
				CODE_SIGN_IDENTITY = "iPhone Developer";
				COPY_PHASE_STRIP = NO;
				DEBUG_INFORMATION_FORMAT = dwarf;
				ENABLE_STRICT_OBJC_MSGSEND = YES;
				ENABLE_TESTABILITY = YES;
				GCC_C_LANGUAGE_STANDARD = gnu11;
				GCC_DYNAMIC_NO_PIC = NO;
				GCC_NO_COMMON_BLOCKS = YES;
				GCC_OPTIMIZATION_LEVEL = 0;
				GCC_PREPROCESSOR_DEFINITIONS = (
					"DEBUG=1",
					"$(inherited)",
				);
				GCC_WARN_64_TO_32_BIT_CONVERSION = YES;
				GCC_WARN_ABOUT_RETURN_TYPE = YES_ERROR;
				GCC_WARN_UNDECLARED_SELECTOR = YES;
				GCC_WARN_UNINITIALIZED_AUTOS = YES_AGGRESSIVE;
				GCC_WARN_UNUSED_FUNCTION = YES;
				GCC_WARN_UNUSED_VARIABLE = YES;
				IPHONEOS_DEPLOYMENT_TARGET = 11.4;
				MTL_ENABLE_DEBUG_INFO = YES;
				ONLY_ACTIVE_ARCH = YES;
				SDKROOT = iphoneos;
				SWIFT_ACTIVE_COMPILATION_CONDITIONS = DEBUG;
				SWIFT_OPTIMIZATION_LEVEL = "-Onone";
			};
			name = Debug;
		};
		3D7A31BB2138D6E500095CB9 /* Release */ = {
			isa = XCBuildConfiguration;
			buildSettings = {
				ALWAYS_SEARCH_USER_PATHS = NO;
				CLANG_ANALYZER_NONNULL = YES;
				CLANG_ANALYZER_NUMBER_OBJECT_CONVERSION = YES_AGGRESSIVE;
				CLANG_CXX_LANGUAGE_STANDARD = "gnu++14";
				CLANG_CXX_LIBRARY = "libc++";
				CLANG_ENABLE_MODULES = YES;
				CLANG_ENABLE_OBJC_ARC = YES;
				CLANG_ENABLE_OBJC_WEAK = YES;
				CLANG_WARN_BLOCK_CAPTURE_AUTORELEASING = YES;
				CLANG_WARN_BOOL_CONVERSION = YES;
				CLANG_WARN_COMMA = YES;
				CLANG_WARN_CONSTANT_CONVERSION = YES;
				CLANG_WARN_DEPRECATED_OBJC_IMPLEMENTATIONS = YES;
				CLANG_WARN_DIRECT_OBJC_ISA_USAGE = YES_ERROR;
				CLANG_WARN_DOCUMENTATION_COMMENTS = YES;
				CLANG_WARN_EMPTY_BODY = YES;
				CLANG_WARN_ENUM_CONVERSION = YES;
				CLANG_WARN_INFINITE_RECURSION = YES;
				CLANG_WARN_INT_CONVERSION = YES;
				CLANG_WARN_NON_LITERAL_NULL_CONVERSION = YES;
				CLANG_WARN_OBJC_IMPLICIT_RETAIN_SELF = YES;
				CLANG_WARN_OBJC_LITERAL_CONVERSION = YES;
				CLANG_WARN_OBJC_ROOT_CLASS = YES_ERROR;
				CLANG_WARN_RANGE_LOOP_ANALYSIS = YES;
				CLANG_WARN_STRICT_PROTOTYPES = YES;
				CLANG_WARN_SUSPICIOUS_MOVE = YES;
				CLANG_WARN_UNGUARDED_AVAILABILITY = YES_AGGRESSIVE;
				CLANG_WARN_UNREACHABLE_CODE = YES;
				CLANG_WARN__DUPLICATE_METHOD_MATCH = YES;
				CODE_SIGN_IDENTITY = "iPhone Developer";
				COPY_PHASE_STRIP = NO;
				DEBUG_INFORMATION_FORMAT = "dwarf-with-dsym";
				ENABLE_NS_ASSERTIONS = NO;
				ENABLE_STRICT_OBJC_MSGSEND = YES;
				GCC_C_LANGUAGE_STANDARD = gnu11;
				GCC_NO_COMMON_BLOCKS = YES;
				GCC_WARN_64_TO_32_BIT_CONVERSION = YES;
				GCC_WARN_ABOUT_RETURN_TYPE = YES_ERROR;
				GCC_WARN_UNDECLARED_SELECTOR = YES;
				GCC_WARN_UNINITIALIZED_AUTOS = YES_AGGRESSIVE;
				GCC_WARN_UNUSED_FUNCTION = YES;
				GCC_WARN_UNUSED_VARIABLE = YES;
				IPHONEOS_DEPLOYMENT_TARGET = 11.4;
				MTL_ENABLE_DEBUG_INFO = NO;
				SDKROOT = iphoneos;
				SWIFT_COMPILATION_MODE = wholemodule;
				SWIFT_OPTIMIZATION_LEVEL = "-O";
				VALIDATE_PRODUCT = YES;
			};
			name = Release;
		};
		3D7A31BD2138D6E500095CB9 /* Debug */ = {
			isa = XCBuildConfiguration;
			baseConfigurationReference = 45C9AE2A91EAE2D207FB0102 /* Pods-QR-Scanner.debug.xcconfig */;
			buildSettings = {
				ASSETCATALOG_COMPILER_APPICON_NAME = AppIcon;
				CODE_SIGN_STYLE = Automatic;
				DEVELOPMENT_TEAM = UN3F4Y256K;
				INFOPLIST_FILE = "QR-Scanner/Info.plist";
				LD_RUNPATH_SEARCH_PATHS = (
					"$(inherited)",
					"@executable_path/Frameworks",
				);
				PRODUCT_BUNDLE_IDENTIFIER = "com.skyebrown.QR-Scanner";
				PRODUCT_NAME = "$(TARGET_NAME)";
				SWIFT_VERSION = 4.2;
				TARGETED_DEVICE_FAMILY = 1;
			};
			name = Debug;
		};
		3D7A31BE2138D6E500095CB9 /* Release */ = {
			isa = XCBuildConfiguration;
			baseConfigurationReference = DCC19CCDCA1872B9162ACC57 /* Pods-QR-Scanner.release.xcconfig */;
			buildSettings = {
				ASSETCATALOG_COMPILER_APPICON_NAME = AppIcon;
				CODE_SIGN_STYLE = Automatic;
				DEVELOPMENT_TEAM = UN3F4Y256K;
				INFOPLIST_FILE = "QR-Scanner/Info.plist";
				LD_RUNPATH_SEARCH_PATHS = (
					"$(inherited)",
					"@executable_path/Frameworks",
				);
				PRODUCT_BUNDLE_IDENTIFIER = "com.skyebrown.QR-Scanner";
				PRODUCT_NAME = "$(TARGET_NAME)";
				SWIFT_VERSION = 4.2;
				TARGETED_DEVICE_FAMILY = 1;
			};
			name = Release;
		};
/* End XCBuildConfiguration section */

/* Begin XCConfigurationList section */
		3D7A31A52138D6E200095CB9 /* Build configuration list for PBXProject "QR-Scanner" */ = {
			isa = XCConfigurationList;
			buildConfigurations = (
				3D7A31BA2138D6E500095CB9 /* Debug */,
				3D7A31BB2138D6E500095CB9 /* Release */,
			);
			defaultConfigurationIsVisible = 0;
			defaultConfigurationName = Release;
		};
		3D7A31BC2138D6E500095CB9 /* Build configuration list for PBXNativeTarget "QR-Scanner" */ = {
			isa = XCConfigurationList;
			buildConfigurations = (
				3D7A31BD2138D6E500095CB9 /* Debug */,
				3D7A31BE2138D6E500095CB9 /* Release */,
			);
			defaultConfigurationIsVisible = 0;
			defaultConfigurationName = Release;
		};
/* End XCConfigurationList section */

/* Begin XCVersionGroup section */
		3DEE361121CDE90A00F5F156 /* DataModel.xcdatamodeld */ = {
			isa = XCVersionGroup;
			children = (
				3DEE361221CDE90A00F5F156 /* DataModel.xcdatamodel */,
			);
			currentVersion = 3DEE361221CDE90A00F5F156 /* DataModel.xcdatamodel */;
			path = DataModel.xcdatamodeld;
			sourceTree = "<group>";
			versionGroupType = wrapper.xcdatamodel;
		};
/* End XCVersionGroup section */
	};
	rootObject = 3D7A31A22138D6E200095CB9 /* Project object */;
}
